
Microsoft Visual Studio Solution File, Format Version 12.00
# Visual Studio Version 16
VisualStudioVersion = 16.0.30128.74
MinimumVisualStudioVersion = 10.0.40219.1
Project("{FAE04EC0-301F-11D3-BF4B-00C04F79EFBC}") = "WPF Exploration Days ML", "WPF Exploration Days ML.csproj", "{EF419549-A114-44AE-989C-C9E1777DF6EF}"
EndProject
Global
	GlobalSection(SolutionConfigurationPlatforms) = preSolution
		Debug|Any CPU = Debug|Any CPU
		Release|Any CPU = Release|Any CPU
	EndGlobalSection
	GlobalSection(ProjectConfigurationPlatforms) = postSolution
		{EF419549-A114-44AE-989C-C9E1777DF6EF}.Debug|Any CPU.ActiveCfg = Debug|Any CPU
		{EF419549-A114-44AE-989C-C9E1777DF6EF}.Debug|Any CPU.Build.0 = Debug|Any CPU
		{EF419549-A114-44AE-989C-C9E1777DF6EF}.Release|Any CPU.ActiveCfg = Release|Any CPU
		{EF419549-A114-44AE-989C-C9E1777DF6EF}.Release|Any CPU.Build.0 = Release|Any CPU
	EndGlobalSection
	GlobalSection(SolutionProperties) = preSolution
		HideSolutionNode = FALSE
	EndGlobalSection
	GlobalSection(ExtensibilityGlobals) = postSolution
		SolutionGuid = {AAB41A63-3932-42B9-AAD3-CE1EB962D935}
	EndGlobalSection
EndGlobal
